// !$*UTF8*$!
{
	archiveVersion = 1;
	classes = {
	};
	objectVersion = 50;
	objects = {

/* Begin PBXBuildFile section */
		20ED377B24EA8FDE00993C63 /* AppDelegate.swift in Sources */ = {isa = PBXBuildFile; fileRef = 20ED377A24EA8FDE00993C63 /* AppDelegate.swift */; };
		20ED377D24EA8FDE00993C63 /* SceneDelegate.swift in Sources */ = {isa = PBXBuildFile; fileRef = 20ED377C24EA8FDE00993C63 /* SceneDelegate.swift */; };
		20ED377F24EA8FDE00993C63 /* ContentView.swift in Sources */ = {isa = PBXBuildFile; fileRef = 20ED377E24EA8FDE00993C63 /* ContentView.swift */; };
		20ED378124EA8FE100993C63 /* Assets.xcassets in Resources */ = {isa = PBXBuildFile; fileRef = 20ED378024EA8FE100993C63 /* Assets.xcassets */; };
		20ED378424EA8FE100993C63 /* Preview Assets.xcassets in Resources */ = {isa = PBXBuildFile; fileRef = 20ED378324EA8FE100993C63 /* Preview Assets.xcassets */; };
		20ED378724EA8FE100993C63 /* LaunchScreen.storyboard in Resources */ = {isa = PBXBuildFile; fileRef = 20ED378524EA8FE100993C63 /* LaunchScreen.storyboard */; };
		20ED379224EA8FE100993C63 /* NewsAppTests.swift in Sources */ = {isa = PBXBuildFile; fileRef = 20ED379124EA8FE100993C63 /* NewsAppTests.swift */; };
		20ED379D24EA8FE100993C63 /* NewsAppUITests.swift in Sources */ = {isa = PBXBuildFile; fileRef = 20ED379C24EA8FE100993C63 /* NewsAppUITests.swift */; };
/* End PBXBuildFile section */

/* Begin PBXContainerItemProxy section */
		20ED378E24EA8FE100993C63 /* PBXContainerItemProxy */ = {
			isa = PBXContainerItemProxy;
			containerPortal = 20ED376F24EA8FDE00993C63 /* Project object */;
			proxyType = 1;
			remoteGlobalIDString = 20ED377624EA8FDE00993C63;
			remoteInfo = NewsApp;
		};
		20ED379924EA8FE100993C63 /* PBXContainerItemProxy */ = {
			isa = PBXContainerItemProxy;
			containerPortal = 20ED376F24EA8FDE00993C63 /* Project object */;
			proxyType = 1;
			remoteGlobalIDString = 20ED377624EA8FDE00993C63;
			remoteInfo = NewsApp;
		};
/* End PBXContainerItemProxy section */

/* Begin PBXFileReference section */
		20ED377724EA8FDE00993C63 /* NewsApp.app */ = {isa = PBXFileReference; explicitFileType = wrapper.application; includeInIndex = 0; path = NewsApp.app; sourceTree = BUILT_PRODUCTS_DIR; };
		20ED377A24EA8FDE00993C63 /* AppDelegate.swift */ = {isa = PBXFileReference; lastKnownFileType = sourcecode.swift; path = AppDelegate.swift; sourceTree = "<group>"; };
		20ED377C24EA8FDE00993C63 /* SceneDelegate.swift */ = {isa = PBXFileReference; lastKnownFileType = sourcecode.swift; path = SceneDelegate.swift; sourceTree = "<group>"; };
		20ED377E24EA8FDE00993C63 /* ContentView.swift */ = {isa = PBXFileReference; lastKnownFileType = sourcecode.swift; path = ContentView.swift; sourceTree = "<group>"; };
		20ED378024EA8FE100993C63 /* Assets.xcassets */ = {isa = PBXFileReference; lastKnownFileType = folder.assetcatalog; path = Assets.xcassets; sourceTree = "<group>"; };
		20ED378324EA8FE100993C63 /* Preview Assets.xcassets */ = {isa = PBXFileReference; lastKnownFileType = folder.assetcatalog; path = "Preview Assets.xcassets"; sourceTree = "<group>"; };
		20ED378624EA8FE100993C63 /* Base */ = {isa = PBXFileReference; lastKnownFileType = file.storyboard; name = Base; path = Base.lproj/LaunchScreen.storyboard; sourceTree = "<group>"; };
		20ED378824EA8FE100993C63 /* Info.plist */ = {isa = PBXFileReference; lastKnownFileType = text.plist.xml; path = Info.plist; sourceTree = "<group>"; };
		20ED378D24EA8FE100993C63 /* NewsAppTests.xctest */ = {isa = PBXFileReference; explicitFileType = wrapper.cfbundle; includeInIndex = 0; path = NewsAppTests.xctest; sourceTree = BUILT_PRODUCTS_DIR; };
		20ED379124EA8FE100993C63 /* NewsAppTests.swift */ = {isa = PBXFileReference; lastKnownFileType = sourcecode.swift; path = NewsAppTests.swift; sourceTree = "<group>"; };
		20ED379324EA8FE100993C63 /* Info.plist */ = {isa = PBXFileReference; lastKnownFileType = text.plist.xml; path = Info.plist; sourceTree = "<group>"; };
		20ED379824EA8FE100993C63 /* NewsAppUITests.xctest */ = {isa = PBXFileReference; explicitFileType = wrapper.cfbundle; includeInIndex = 0; path = NewsAppUITests.xctest; sourceTree = BUILT_PRODUCTS_DIR; };
		20ED379C24EA8FE100993C63 /* NewsAppUITests.swift */ = {isa = PBXFileReference; lastKnownFileType = sourcecode.swift; path = NewsAppUITests.swift; sourceTree = "<group>"; };
		20ED379E24EA8FE100993C63 /* Info.plist */ = {isa = PBXFileReference; lastKnownFileType = text.plist.xml; path = Info.plist; sourceTree = "<group>"; };
/* End PBXFileReference section */

/* Begin PBXFrameworksBuildPhase section */
		20ED377424EA8FDE00993C63 /* Frameworks */ = {
			isa = PBXFrameworksBuildPhase;
			buildActionMask = 2147483647;
			files = (
			);
			runOnlyForDeploymentPostprocessing = 0;
		};
		20ED378A24EA8FE100993C63 /* Frameworks */ = {
			isa = PBXFrameworksBuildPhase;
			buildActionMask = 2147483647;
			files = (
			);
			runOnlyForDeploymentPostprocessing = 0;
		};
		20ED379524EA8FE100993C63 /* Frameworks */ = {
			isa = PBXFrameworksBuildPhase;
			buildActionMask = 2147483647;
			files = (
			);
			runOnlyForDeploymentPostprocessing = 0;
		};
/* End PBXFrameworksBuildPhase section */

/* Begin PBXGroup section */
		20ED376E24EA8FDE00993C63 = {
			isa = PBXGroup;
			children = (
				20ED377924EA8FDE00993C63 /* NewsApp */,
				20ED379024EA8FE100993C63 /* NewsAppTests */,
				20ED379B24EA8FE100993C63 /* NewsAppUITests */,
				20ED377824EA8FDE00993C63 /* Products */,
			);
			sourceTree = "<group>";
		};
		20ED377824EA8FDE00993C63 /* Products */ = {
			isa = PBXGroup;
			children = (
				20ED377724EA8FDE00993C63 /* NewsApp.app */,
				20ED378D24EA8FE100993C63 /* NewsAppTests.xctest */,
				20ED379824EA8FE100993C63 /* NewsAppUITests.xctest */,
			);
			name = Products;
			sourceTree = "<group>";
		};
		20ED377924EA8FDE00993C63 /* NewsApp */ = {
			isa = PBXGroup;
			children = (
				20ED377A24EA8FDE00993C63 /* AppDelegate.swift */,
				20ED377C24EA8FDE00993C63 /* SceneDelegate.swift */,
				20ED377E24EA8FDE00993C63 /* ContentView.swift */,
				20ED378024EA8FE100993C63 /* Assets.xcassets */,
				20ED378524EA8FE100993C63 /* LaunchScreen.storyboard */,
				20ED378824EA8FE100993C63 /* Info.plist */,
				20ED378224EA8FE100993C63 /* Preview Content */,
			);
			path = NewsApp;
			sourceTree = "<group>";
		};
		20ED378224EA8FE100993C63 /* Preview Content */ = {
			isa = PBXGroup;
			children = (
				20ED378324EA8FE100993C63 /* Preview Assets.xcassets */,
			);
			path = "Preview Content";
			sourceTree = "<group>";
		};
		20ED379024EA8FE100993C63 /* NewsAppTests */ = {
			isa = PBXGroup;
			children = (
				20ED379124EA8FE100993C63 /* NewsAppTests.swift */,
				20ED379324EA8FE100993C63 /* Info.plist */,
			);
			path = NewsAppTests;
			sourceTree = "<group>";
		};
		20ED379B24EA8FE100993C63 /* NewsAppUITests */ = {
			isa = PBXGroup;
			children = (
				20ED379C24EA8FE100993C63 /* NewsAppUITests.swift */,
				20ED379E24EA8FE100993C63 /* Info.plist */,
			);
			path = NewsAppUITests;
			sourceTree = "<group>";
		};
/* End PBXGroup section */

/* Begin PBXNativeTarget section */
		20ED377624EA8FDE00993C63 /* NewsApp */ = {
			isa = PBXNativeTarget;
			buildConfigurationList = 20ED37A124EA8FE100993C63 /* Build configuration list for PBXNativeTarget "NewsApp" */;
			buildPhases = (
				20ED377324EA8FDE00993C63 /* Sources */,
				20ED377424EA8FDE00993C63 /* Frameworks */,
				20ED377524EA8FDE00993C63 /* Resources */,
			);
			buildRules = (
			);
			dependencies = (
			);
			name = NewsApp;
			productName = NewsApp;
			productReference = 20ED377724EA8FDE00993C63 /* NewsApp.app */;
			productType = "com.apple.product-type.application";
		};
		20ED378C24EA8FE100993C63 /* NewsAppTests */ = {
			isa = PBXNativeTarget;
			buildConfigurationList = 20ED37A424EA8FE100993C63 /* Build configuration list for PBXNativeTarget "NewsAppTests" */;
			buildPhases = (
				20ED378924EA8FE100993C63 /* Sources */,
				20ED378A24EA8FE100993C63 /* Frameworks */,
				20ED378B24EA8FE100993C63 /* Resources */,
			);
			buildRules = (
			);
			dependencies = (
				20ED378F24EA8FE100993C63 /* PBXTargetDependency */,
			);
			name = NewsAppTests;
			productName = NewsAppTests;
			productReference = 20ED378D24EA8FE100993C63 /* NewsAppTests.xctest */;
			productType = "com.apple.product-type.bundle.unit-test";
		};
		20ED379724EA8FE100993C63 /* NewsAppUITests */ = {
			isa = PBXNativeTarget;
			buildConfigurationList = 20ED37A724EA8FE100993C63 /* Build configuration list for PBXNativeTarget "NewsAppUITests" */;
			buildPhases = (
				20ED379424EA8FE100993C63 /* Sources */,
				20ED379524EA8FE100993C63 /* Frameworks */,
				20ED379624EA8FE100993C63 /* Resources */,
			);
			buildRules = (
			);
			dependencies = (
				20ED379A24EA8FE100993C63 /* PBXTargetDependency */,
			);
			name = NewsAppUITests;
			productName = NewsAppUITests;
			productReference = 20ED379824EA8FE100993C63 /* NewsAppUITests.xctest */;
			productType = "com.apple.product-type.bundle.ui-testing";
		};
/* End PBXNativeTarget section */

/* Begin PBXProject section */
		20ED376F24EA8FDE00993C63 /* Project object */ = {
			isa = PBXProject;
			attributes = {
				LastSwiftUpdateCheck = 1160;
				LastUpgradeCheck = 1160;
				ORGANIZATIONNAME = T.A;
				TargetAttributes = {
					20ED377624EA8FDE00993C63 = {
						CreatedOnToolsVersion = 11.6;
					};
					20ED378C24EA8FE100993C63 = {
						CreatedOnToolsVersion = 11.6;
						TestTargetID = 20ED377624EA8FDE00993C63;
					};
					20ED379724EA8FE100993C63 = {
						CreatedOnToolsVersion = 11.6;
						TestTargetID = 20ED377624EA8FDE00993C63;
					};
				};
			};
			buildConfigurationList = 20ED377224EA8FDE00993C63 /* Build configuration list for PBXProject "NewsApp" */;
			compatibilityVersion = "Xcode 9.3";
			developmentRegion = en;
			hasScannedForEncodings = 0;
			knownRegions = (
				en,
				Base,
			);
			mainGroup = 20ED376E24EA8FDE00993C63;
			productRefGroup = 20ED377824EA8FDE00993C63 /* Products */;
			projectDirPath = "";
			projectRoot = "";
			targets = (
				20ED377624EA8FDE00993C63 /* NewsApp */,
				20ED378C24EA8FE100993C63 /* NewsAppTests */,
				20ED379724EA8FE100993C63 /* NewsAppUITests */,
			);
		};
/* End PBXProject section */

/* Begin PBXResourcesBuildPhase section */
		20ED377524EA8FDE00993C63 /* Resources */ = {
			isa = PBXResourcesBuildPhase;
			buildActionMask = 2147483647;
			files = (
				20ED378724EA8FE100993C63 /* LaunchScreen.storyboard in Resources */,
				20ED378424EA8FE100993C63 /* Preview Assets.xcassets in Resources */,
				20ED378124EA8FE100993C63 /* Assets.xcassets in Resources */,
			);
			runOnlyForDeploymentPostprocessing = 0;
		};
		20ED378B24EA8FE100993C63 /* Resources */ = {
			isa = PBXResourcesBuildPhase;
			buildActionMask = 2147483647;
			files = (
			);
			runOnlyForDeploymentPostprocessing = 0;
		};
		20ED379624EA8FE100993C63 /* Resources */ = {
			isa = PBXResourcesBuildPhase;
			buildActionMask = 2147483647;
			files = (
			);
			runOnlyForDeploymentPostprocessing = 0;
		};
/* End PBXResourcesBuildPhase section */

/* Begin PBXSourcesBuildPhase section */
		20ED377324EA8FDE00993C63 /* Sources */ = {
			isa = PBXSourcesBuildPhase;
			buildActionMask = 2147483647;
			files = (
				20ED377B24EA8FDE00993C63 /* AppDelegate.swift in Sources */,
				20ED377D24EA8FDE00993C63 /* SceneDelegate.swift in Sources */,
				20ED377F24EA8FDE00993C63 /* ContentView.swift in Sources */,
			);
			runOnlyForDeploymentPostprocessing = 0;
		};
		20ED378924EA8FE100993C63 /* Sources */ = {
			isa = PBXSourcesBuildPhase;
			buildActionMask = 2147483647;
			files = (
				20ED379224EA8FE100993C63 /* NewsAppTests.swift in Sources */,
			);
			runOnlyForDeploymentPostprocessing = 0;
		};
		20ED379424EA8FE100993C63 /* Sources */ = {
			isa = PBXSourcesBuildPhase;
			buildActionMask = 2147483647;
			files = (
				20ED379D24EA8FE100993C63 /* NewsAppUITests.swift in Sources */,
			);
			runOnlyForDeploymentPostprocessing = 0;
		};
/* End PBXSourcesBuildPhase section */

/* Begin PBXTargetDependency section */
		20ED378F24EA8FE100993C63 /* PBXTargetDependency */ = {
			isa = PBXTargetDependency;
			target = 20ED377624EA8FDE00993C63 /* NewsApp */;
			targetProxy = 20ED378E24EA8FE100993C63 /* PBXContainerItemProxy */;
		};
		20ED379A24EA8FE100993C63 /* PBXTargetDependency */ = {
			isa = PBXTargetDependency;
			target = 20ED377624EA8FDE00993C63 /* NewsApp */;
			targetProxy = 20ED379924EA8FE100993C63 /* PBXContainerItemProxy */;
		};
/* End PBXTargetDependency section */

/* Begin PBXVariantGroup section */
		20ED378524EA8FE100993C63 /* LaunchScreen.storyboard */ = {
			isa = PBXVariantGroup;
			children = (
				20ED378624EA8FE100993C63 /* Base */,
			);
			name = LaunchScreen.storyboard;
			sourceTree = "<group>";
		};
/* End PBXVariantGroup section */

/* Begin XCBuildConfiguration section */
		20ED379F24EA8FE100993C63 /* Debug */ = {
			isa = XCBuildConfiguration;
			buildSettings = {
				ALWAYS_SEARCH_USER_PATHS = NO;
				CLANG_ANALYZER_NONNULL = YES;
				CLANG_ANALYZER_NUMBER_OBJECT_CONVERSION = YES_AGGRESSIVE;
				CLANG_CXX_LANGUAGE_STANDARD = "gnu++14";
				CLANG_CXX_LIBRARY = "libc++";
				CLANG_ENABLE_MODULES = YES;
				CLANG_ENABLE_OBJC_ARC = YES;
				CLANG_ENABLE_OBJC_WEAK = YES;
				CLANG_WARN_BLOCK_CAPTURE_AUTORELEASING = YES;
				CLANG_WARN_BOOL_CONVERSION = YES;
				CLANG_WARN_COMMA = YES;
				CLANG_WARN_CONSTANT_CONVERSION = YES;
				CLANG_WARN_DEPRECATED_OBJC_IMPLEMENTATIONS = YES;
				CLANG_WARN_DIRECT_OBJC_ISA_USAGE = YES_ERROR;
				CLANG_WARN_DOCUMENTATION_COMMENTS = YES;
				CLANG_WARN_EMPTY_BODY = YES;
				CLANG_WARN_ENUM_CONVERSION = YES;
				CLANG_WARN_INFINITE_RECURSION = YES;
				CLANG_WARN_INT_CONVERSION = YES;
				CLANG_WARN_NON_LITERAL_NULL_CONVERSION = YES;
				CLANG_WARN_OBJC_IMPLICIT_RETAIN_SELF = YES;
				CLANG_WARN_OBJC_LITERAL_CONVERSION = YES;
				CLANG_WARN_OBJC_ROOT_CLASS = YES_ERROR;
				CLANG_WARN_RANGE_LOOP_ANALYSIS = YES;
				CLANG_WARN_STRICT_PROTOTYPES = YES;
				CLANG_WARN_SUSPICIOUS_MOVE = YES;
				CLANG_WARN_UNGUARDED_AVAILABILITY = YES_AGGRESSIVE;
				CLANG_WARN_UNREACHABLE_CODE = YES;
				CLANG_WARN__DUPLICATE_METHOD_MATCH = YES;
				COPY_PHASE_STRIP = NO;
				DEBUG_INFORMATION_FORMAT = dwarf;
				ENABLE_STRICT_OBJC_MSGSEND = YES;
				ENABLE_TESTABILITY = YES;
				GCC_C_LANGUAGE_STANDARD = gnu11;
				GCC_DYNAMIC_NO_PIC = NO;
				GCC_NO_COMMON_BLOCKS = YES;
				GCC_OPTIMIZATION_LEVEL = 0;
				GCC_PREPROCESSOR_DEFINITIONS = (
					"DEBUG=1",
					"$(inherited)",
				);
				GCC_WARN_64_TO_32_BIT_CONVERSION = YES;
				GCC_WARN_ABOUT_RETURN_TYPE = YES_ERROR;
				GCC_WARN_UNDECLARED_SELECTOR = YES;
				GCC_WARN_UNINITIALIZED_AUTOS = YES_AGGRESSIVE;
				GCC_WARN_UNUSED_FUNCTION = YES;
				GCC_WARN_UNUSED_VARIABLE = YES;
				IPHONEOS_DEPLOYMENT_TARGET = 13.6;
				MTL_ENABLE_DEBUG_INFO = INCLUDE_SOURCE;
				MTL_FAST_MATH = YES;
				ONLY_ACTIVE_ARCH = YES;
				SDKROOT = iphoneos;
				SWIFT_ACTIVE_COMPILATION_CONDITIONS = DEBUG;
				SWIFT_OPTIMIZATION_LEVEL = "-Onone";
			};
			name = Debug;
		};
		20ED37A024EA8FE100993C63 /* Release */ = {
			isa = XCBuildConfiguration;
			buildSettings = {
				ALWAYS_SEARCH_USER_PATHS = NO;
				CLANG_ANALYZER_NONNULL = YES;
				CLANG_ANALYZER_NUMBER_OBJECT_CONVERSION = YES_AGGRESSIVE;
				CLANG_CXX_LANGUAGE_STANDARD = "gnu++14";
				CLANG_CXX_LIBRARY = "libc++";
				CLANG_ENABLE_MODULES = YES;
				CLANG_ENABLE_OBJC_ARC = YES;
				CLANG_ENABLE_OBJC_WEAK = YES;
				CLANG_WARN_BLOCK_CAPTURE_AUTORELEASING = YES;
				CLANG_WARN_BOOL_CONVERSION = YES;
				CLANG_WARN_COMMA = YES;
				CLANG_WARN_CONSTANT_CONVERSION = YES;
				CLANG_WARN_DEPRECATED_OBJC_IMPLEMENTATIONS = YES;
				CLANG_WARN_DIRECT_OBJC_ISA_USAGE = YES_ERROR;
				CLANG_WARN_DOCUMENTATION_COMMENTS = YES;
				CLANG_WARN_EMPTY_BODY = YES;
				CLANG_WARN_ENUM_CONVERSION = YES;
				CLANG_WARN_INFINITE_RECURSION = YES;
				CLANG_WARN_INT_CONVERSION = YES;
				CLANG_WARN_NON_LITERAL_NULL_CONVERSION = YES;
				CLANG_WARN_OBJC_IMPLICIT_RETAIN_SELF = YES;
				CLANG_WARN_OBJC_LITERAL_CONVERSION = YES;
				CLANG_WARN_OBJC_ROOT_CLASS = YES_ERROR;
				CLANG_WARN_RANGE_LOOP_ANALYSIS = YES;
				CLANG_WARN_STRICT_PROTOTYPES = YES;
				CLANG_WARN_SUSPICIOUS_MOVE = YES;
				CLANG_WARN_UNGUARDED_AVAILABILITY = YES_AGGRESSIVE;
				CLANG_WARN_UNREACHABLE_CODE = YES;
				CLANG_WARN__DUPLICATE_METHOD_MATCH = YES;
				COPY_PHASE_STRIP = NO;
				DEBUG_INFORMATION_FORMAT = "dwarf-with-dsym";
				ENABLE_NS_ASSERTIONS = NO;
				ENABLE_STRICT_OBJC_MSGSEND = YES;
				GCC_C_LANGUAGE_STANDARD = gnu11;
				GCC_NO_COMMON_BLOCKS = YES;
				GCC_WARN_64_TO_32_BIT_CONVERSION = YES;
				GCC_WARN_ABOUT_RETURN_TYPE = YES_ERROR;
				GCC_WARN_UNDECLARED_SELECTOR = YES;
				GCC_WARN_UNINITIALIZED_AUTOS = YES_AGGRESSIVE;
				GCC_WARN_UNUSED_FUNCTION = YES;
				GCC_WARN_UNUSED_VARIABLE = YES;
				IPHONEOS_DEPLOYMENT_TARGET = 13.6;
				MTL_ENABLE_DEBUG_INFO = NO;
				MTL_FAST_MATH = YES;
				SDKROOT = iphoneos;
				SWIFT_COMPILATION_MODE = wholemodule;
				SWIFT_OPTIMIZATION_LEVEL = "-O";
				VALIDATE_PRODUCT = YES;
			};
			name = Release;
		};
		20ED37A224EA8FE100993C63 /* Debug */ = {
			isa = XCBuildConfiguration;
			buildSettings = {
				ASSETCATALOG_COMPILER_APPICON_NAME = AppIcon;
				CODE_SIGN_STYLE = Automatic;
				DEVELOPMENT_ASSET_PATHS = "\"NewsApp/Preview Content\"";
				DEVELOPMENT_TEAM = K5BLPV6P8G;
				ENABLE_PREVIEWS = YES;
				INFOPLIST_FILE = NewsApp/Info.plist;
				LD_RUNPATH_SEARCH_PATHS = (
					"$(inherited)",
					"@executable_path/Frameworks",
				);
				PRODUCT_BUNDLE_IDENTIFIER = com.t.amd.NewsApp;
				PRODUCT_NAME = "$(TARGET_NAME)";
				SWIFT_VERSION = 5.0;
				TARGETED_DEVICE_FAMILY = "1,2";
			};
			name = Debug;
		};
		20ED37A324EA8FE100993C63 /* Release */ = {
			isa = XCBuildConfiguration;
			buildSettings = {
				ASSETCATALOG_COMPILER_APPICON_NAME = AppIcon;
				CODE_SIGN_STYLE = Automatic;
				DEVELOPMENT_ASSET_PATHS = "\"NewsApp/Preview Content\"";
				DEVELOPMENT_TEAM = K5BLPV6P8G;
				ENABLE_PREVIEWS = YES;
				INFOPLIST_FILE = NewsApp/Info.plist;
				LD_RUNPATH_SEARCH_PATHS = (
					"$(inherited)",
					"@executable_path/Frameworks",
				);
				PRODUCT_BUNDLE_IDENTIFIER = com.t.amd.NewsApp;
				PRODUCT_NAME = "$(TARGET_NAME)";
				SWIFT_VERSION = 5.0;
				TARGETED_DEVICE_FAMILY = "1,2";
			};
			name = Release;
		};
		20ED37A524EA8FE100993C63 /* Debug */ = {
			isa = XCBuildConfiguration;
			buildSettings = {
				ALWAYS_EMBED_SWIFT_STANDARD_LIBRARIES = YES;
				BUNDLE_LOADER = "$(TEST_HOST)";
				CODE_SIGN_STYLE = Automatic;
				DEVELOPMENT_TEAM = K5BLPV6P8G;
				INFOPLIST_FILE = NewsAppTests/Info.plist;
				IPHONEOS_DEPLOYMENT_TARGET = 13.6;
				LD_RUNPATH_SEARCH_PATHS = (
					"$(inherited)",
					"@executable_path/Frameworks",
					"@loader_path/Frameworks",
				);
				PRODUCT_BUNDLE_IDENTIFIER = com.t.amd.NewsAppTests;
				PRODUCT_NAME = "$(TARGET_NAME)";
				SWIFT_VERSION = 5.0;
				TARGETED_DEVICE_FAMILY = "1,2";
				TEST_HOST = "$(BUILT_PRODUCTS_DIR)/NewsApp.app/NewsApp";
			};
			name = Debug;
		};
		20ED37A624EA8FE100993C63 /* Release */ = {
			isa = XCBuildConfiguration;
			buildSettings = {
				ALWAYS_EMBED_SWIFT_STANDARD_LIBRARIES = YES;
				BUNDLE_LOADER = "$(TEST_HOST)";
				CODE_SIGN_STYLE = Automatic;
				DEVELOPMENT_TEAM = K5BLPV6P8G;
				INFOPLIST_FILE = NewsAppTests/Info.plist;
				IPHONEOS_DEPLOYMENT_TARGET = 13.6;
				LD_RUNPATH_SEARCH_PATHS = (
					"$(inherited)",
					"@executable_path/Frameworks",
					"@loader_path/Frameworks",
				);
				PRODUCT_BUNDLE_IDENTIFIER = com.t.amd.NewsAppTests;
				PRODUCT_NAME = "$(TARGET_NAME)";
				SWIFT_VERSION = 5.0;
				TARGETED_DEVICE_FAMILY = "1,2";
				TEST_HOST = "$(BUILT_PRODUCTS_DIR)/NewsApp.app/NewsApp";
			};
			name = Release;
		};
		20ED37A824EA8FE100993C63 /* Debug */ = {
			isa = XCBuildConfiguration;
			buildSettings = {
				ALWAYS_EMBED_SWIFT_STANDARD_LIBRARIES = YES;
				CODE_SIGN_STYLE = Automatic;
				DEVELOPMENT_TEAM = K5BLPV6P8G;
				INFOPLIST_FILE = NewsAppUITests/Info.plist;
				LD_RUNPATH_SEARCH_PATHS = (
					"$(inherited)",
					"@executable_path/Frameworks",
					"@loader_path/Frameworks",
				);
				PRODUCT_BUNDLE_IDENTIFIER = com.t.amd.NewsAppUITests;
				PRODUCT_NAME = "$(TARGET_NAME)";
				SWIFT_VERSION = 5.0;
				TARGETED_DEVICE_FAMILY = "1,2";
				TEST_TARGET_NAME = NewsApp;
			};
			name = Debug;
		};
		20ED37A924EA8FE100993C63 /* Release */ = {
			isa = XCBuildConfiguration;
			buildSettings = {
				ALWAYS_EMBED_SWIFT_STANDARD_LIBRARIES = YES;
				CODE_SIGN_STYLE = Automatic;
				DEVELOPMENT_TEAM = K5BLPV6P8G;
				INFOPLIST_FILE = NewsAppUITests/Info.plist;
				LD_RUNPATH_SEARCH_PATHS = (
					"$(inherited)",
					"@executable_path/Frameworks",
					"@loader_path/Frameworks",
				);
				PRODUCT_BUNDLE_IDENTIFIER = com.t.amd.NewsAppUITests;
				PRODUCT_NAME = "$(TARGET_NAME)";
				SWIFT_VERSION = 5.0;
				TARGETED_DEVICE_FAMILY = "1,2";
				TEST_TARGET_NAME = NewsApp;
			};
			name = Release;
		};
/* End XCBuildConfiguration section */

/* Begin XCConfigurationList section */
		20ED377224EA8FDE00993C63 /* Build configuration list for PBXProject "NewsApp" */ = {
			isa = XCConfigurationList;
			buildConfigurations = (
				20ED379F24EA8FE100993C63 /* Debug */,
				20ED37A024EA8FE100993C63 /* Release */,
			);
			defaultConfigurationIsVisible = 0;
			defaultConfigurationName = Release;
		};
		20ED37A124EA8FE100993C63 /* Build configuration list for PBXNativeTarget "NewsApp" */ = {
			isa = XCConfigurationList;
			buildConfigurations = (
				20ED37A224EA8FE100993C63 /* Debug */,
				20ED37A324EA8FE100993C63 /* Release */,
			);
			defaultConfigurationIsVisible = 0;
			defaultConfigurationName = Release;
		};
		20ED37A424EA8FE100993C63 /* Build configuration list for PBXNativeTarget "NewsAppTests" */ = {
			isa = XCConfigurationList;
			buildConfigurations = (
				20ED37A524EA8FE100993C63 /* Debug */,
				20ED37A624EA8FE100993C63 /* Release */,
			);
			defaultConfigurationIsVisible = 0;
			defaultConfigurationName = Release;
		};
		20ED37A724EA8FE100993C63 /* Build configuration list for PBXNativeTarget "NewsAppUITests" */ = {
			isa = XCConfigurationList;
			buildConfigurations = (
				20ED37A824EA8FE100993C63 /* Debug */,
				20ED37A924EA8FE100993C63 /* Release */,
			);
			defaultConfigurationIsVisible = 0;
			defaultConfigurationName = Release;
		};
/* End XCConfigurationList section */
	};
	rootObject = 20ED376F24EA8FDE00993C63 /* Project object */;
}
